
Microsoft Visual Studio Solution File, Format Version 12.00
Project("{FAE04EC0-301F-11D3-BF4B-00C04F79EFBC}") = "CNCController", "CNCController\CNCController.csproj", "{0620CDE3-1F09-448A-805E-316B8D23A8C0}"
EndProject
Global
	GlobalSection(SolutionConfigurationPlatforms) = preSolution
		Debug|Any CPU = Debug|Any CPU
		Release|Any CPU = Release|Any CPU
	EndGlobalSection
	GlobalSection(ProjectConfigurationPlatforms) = postSolution
		{0620CDE3-1F09-448A-805E-316B8D23A8C0}.Debug|Any CPU.ActiveCfg = Debug|Any CPU
		{0620CDE3-1F09-448A-805E-316B8D23A8C0}.Debug|Any CPU.Build.0 = Debug|Any CPU
		{0620CDE3-1F09-448A-805E-316B8D23A8C0}.Release|Any CPU.ActiveCfg = Release|Any CPU
		{0620CDE3-1F09-448A-805E-316B8D23A8C0}.Release|Any CPU.Build.0 = Release|Any CPU
	EndGlobalSection
EndGlobal
